
Microsoft Visual Studio Solution File, Format Version 12.00
# Visual Studio Version 17
VisualStudioVersion = 17.10.35027.167
MinimumVisualStudioVersion = 10.0.40219.1
Project("{FAE04EC0-301F-11D3-BF4B-00C04F79EFBC}") = "BTGPactualAPI", "BTGPactualAPI.csproj", "{3306CC68-9AF3-4BC6-82EE-00C9ADC17C91}"
EndProject
Global
	GlobalSection(SolutionConfigurationPlatforms) = preSolution
		Debug|Any CPU = Debug|Any CPU
		Release|Any CPU = Release|Any CPU
	EndGlobalSection
	GlobalSection(ProjectConfigurationPlatforms) = postSolution
		{3306CC68-9AF3-4BC6-82EE-00C9ADC17C91}.Debug|Any CPU.ActiveCfg = Debug|Any CPU
		{3306CC68-9AF3-4BC6-82EE-00C9ADC17C91}.Debug|Any CPU.Build.0 = Debug|Any CPU
		{3306CC68-9AF3-4BC6-82EE-00C9ADC17C91}.Release|Any CPU.ActiveCfg = Release|Any CPU
		{3306CC68-9AF3-4BC6-82EE-00C9ADC17C91}.Release|Any CPU.Build.0 = Release|Any CPU
	EndGlobalSection
	GlobalSection(SolutionProperties) = preSolution
		HideSolutionNode = FALSE
	EndGlobalSection
	GlobalSection(ExtensibilityGlobals) = postSolution
		SolutionGuid = {B7613CE7-C4E2-4C0C-A379-58F38D6307B1}
	EndGlobalSection
EndGlobal
